<?xml version="1.0" encoding="utf-8"?>
<Project ToolsVersion="4.0" xmlns="http://schemas.microsoft.com/developer/msbuild/2003">
  <ItemGroup>
    <Filter Include="Nodes">
      <UniqueIdentifier>{7bbcd14d-350b-4a2f-807e-a0a7ae76f9ea}</UniqueIdentifier>
    </Filter>
    <Filter Include="Resource Files">
      <UniqueIdentifier>{67DA6AB6-F800-4c08-8B7A-83BB121AAD01}</UniqueIdentifier>
      <Extensions>rc;ico;cur;bmp;dlg;rc2;rct;bin;rgs;gif;jpg;jpeg;jpe;resx;tiff;tif;png;wav</Extensions>
    </Filter>
    <Filter Include="Exporters">
      <UniqueIdentifier>{b6fca76f-7aae-4e15-a406-b1dcba313d04}</UniqueIdentifier>
    </Filter>
  </ItemGroup>
  <ItemGroup>
    <ClCompile Include="ActionBlankNode.cpp">
      <Filter>Nodes</Filter>
    </ClCompile>
    <ClCompile Include="ExporterExample.cpp">
      <Filter>Exporters</Filter>
    </ClCompile>
    <ClCompile Include="AssemblyInfo.cpp" />
    <ClCompile Include="BlankPluginCPP.cpp" />
  </ItemGroup>
  <ItemGroup>
    <ClInclude Include="ActionBlankNode.h">
      <Filter>Nodes</Filter>
    </ClInclude>
    <ClInclude Include="resource.h">
      <Filter>Resource Files</Filter>
    </ClInclude>
    <ClInclude Include="ExporterExample.h">
      <Filter>Exporters</Filter>
    </ClInclude>
    <ClInclude Include="BlankPluginCPP.h" />
  </ItemGroup>
  <ItemGroup>
    <None Include="app.ico">
      <Filter>Resource Files</Filter>
    </None>
  </ItemGroup>
  <ItemGroup>
    <ResourceCompile Include="app.rc">
      <Filter>Resource Files</Filter>
    </ResourceCompile>
  </ItemGroup>
</Project>